
Microsoft Visual Studio Solution File, Format Version 12.00
# Visual Studio Version 16
VisualStudioVersion = 16.0.29418.71
MinimumVisualStudioVersion = 10.0.40219.1
Project("{2150E333-8FDC-42A3-9474-1A3956D46DE8}") = "01.Clients", "01.Clients", "{4553A42B-0912-443C-8A64-CF0BCD2162A5}"
EndProject
Project("{2150E333-8FDC-42A3-9474-1A3956D46DE8}") = "02.Models", "02.Models", "{0F81D383-E617-4899-83BE-37AAD90194DD}"
EndProject
Project("{9A19103F-16F7-4668-BE54-9A1E7A4F7556}") = "ConsoleClient", "clients\ConsoleClient\ConsoleClient.csproj", "{C5E4A523-0A1D-4AA1-AF40-390513306976}"
EndProject
Project("{9A19103F-16F7-4668-BE54-9A1E7A4F7556}") = "Models", "models\Models\Models.csproj", "{804A2F85-2271-42F3-8DE8-8D1A23C6E6A4}"
EndProject
Project("{2150E333-8FDC-42A3-9474-1A3956D46DE8}") = "03.Services", "03.Services", "{644ABF87-E5EE-4F91-A27F-667985B8B998}"
EndProject
Project("{9A19103F-16F7-4668-BE54-9A1E7A4F7556}") = "Services", "services\Services\Services.csproj", "{82396074-B5B1-4B47-B6DC-757CD7DF7FFD}"
EndProject
Project("{2150E333-8FDC-42A3-9474-1A3956D46DE8}") = "06.Common", "06.Common", "{1A398D12-DC43-4D3A-B52A-8500E6C2BE35}"
EndProject
Project("{9A19103F-16F7-4668-BE54-9A1E7A4F7556}") = "Common", "common\Common\Common.csproj", "{1F818232-77FD-45BF-97FF-229D74B0989C}"
EndProject
Project("{2150E333-8FDC-42A3-9474-1A3956D46DE8}") = "05.Repository", "05.Repository", "{E073AE3F-2639-40F6-B824-2516548E89F4}"
EndProject
Project("{2150E333-8FDC-42A3-9474-1A3956D46DE8}") = "04.UnitOfWork", "04.UnitOfWork", "{65E5916C-CC50-41E8-ABBD-25FDCC6EBC22}"
EndProject
Project("{FAE04EC0-301F-11D3-BF4B-00C04F79EFBC}") = "UnitOfWork.Interfaces", "unitofwork\UnitOfWork.Interfaces\UnitOfWork.Interfaces.csproj", "{E72DBA4E-1ED3-4F24-B040-AE17428BC8EF}"
EndProject
Project("{FAE04EC0-301F-11D3-BF4B-00C04F79EFBC}") = "UnitOftWork.SqlServer", "unitofwork\UnitOftWork.SqlServer\UnitOftWork.SqlServer.csproj", "{51A0EE20-C88E-4E45-ACAA-AD57F613A835}"
EndProject
Project("{FAE04EC0-301F-11D3-BF4B-00C04F79EFBC}") = "Repository.Interfaces", "repository\Repository.Interfaces\Repository.Interfaces.csproj", "{F2DF91C0-6A38-4045-A02C-67BE96C73CCE}"
EndProject
Project("{FAE04EC0-301F-11D3-BF4B-00C04F79EFBC}") = "Repository.SqlServer", "repository\Repository.SqlServer\Repository.SqlServer.csproj", "{B4301B12-8F13-4361-963F-1D0A64B0752E}"
EndProject
Global
	GlobalSection(SolutionConfigurationPlatforms) = preSolution
		Debug|Any CPU = Debug|Any CPU
		Release|Any CPU = Release|Any CPU
	EndGlobalSection
	GlobalSection(ProjectConfigurationPlatforms) = postSolution
		{C5E4A523-0A1D-4AA1-AF40-390513306976}.Debug|Any CPU.ActiveCfg = Debug|Any CPU
		{C5E4A523-0A1D-4AA1-AF40-390513306976}.Debug|Any CPU.Build.0 = Debug|Any CPU
		{C5E4A523-0A1D-4AA1-AF40-390513306976}.Release|Any CPU.ActiveCfg = Release|Any CPU
		{C5E4A523-0A1D-4AA1-AF40-390513306976}.Release|Any CPU.Build.0 = Release|Any CPU
		{804A2F85-2271-42F3-8DE8-8D1A23C6E6A4}.Debug|Any CPU.ActiveCfg = Debug|Any CPU
		{804A2F85-2271-42F3-8DE8-8D1A23C6E6A4}.Debug|Any CPU.Build.0 = Debug|Any CPU
		{804A2F85-2271-42F3-8DE8-8D1A23C6E6A4}.Release|Any CPU.ActiveCfg = Release|Any CPU
		{804A2F85-2271-42F3-8DE8-8D1A23C6E6A4}.Release|Any CPU.Build.0 = Release|Any CPU
		{82396074-B5B1-4B47-B6DC-757CD7DF7FFD}.Debug|Any CPU.ActiveCfg = Debug|Any CPU
		{82396074-B5B1-4B47-B6DC-757CD7DF7FFD}.Debug|Any CPU.Build.0 = Debug|Any CPU
		{82396074-B5B1-4B47-B6DC-757CD7DF7FFD}.Release|Any CPU.ActiveCfg = Release|Any CPU
		{82396074-B5B1-4B47-B6DC-757CD7DF7FFD}.Release|Any CPU.Build.0 = Release|Any CPU
		{1F818232-77FD-45BF-97FF-229D74B0989C}.Debug|Any CPU.ActiveCfg = Debug|Any CPU
		{1F818232-77FD-45BF-97FF-229D74B0989C}.Debug|Any CPU.Build.0 = Debug|Any CPU
		{1F818232-77FD-45BF-97FF-229D74B0989C}.Release|Any CPU.ActiveCfg = Release|Any CPU
		{1F818232-77FD-45BF-97FF-229D74B0989C}.Release|Any CPU.Build.0 = Release|Any CPU
		{E72DBA4E-1ED3-4F24-B040-AE17428BC8EF}.Debug|Any CPU.ActiveCfg = Debug|Any CPU
		{E72DBA4E-1ED3-4F24-B040-AE17428BC8EF}.Debug|Any CPU.Build.0 = Debug|Any CPU
		{E72DBA4E-1ED3-4F24-B040-AE17428BC8EF}.Release|Any CPU.ActiveCfg = Release|Any CPU
		{E72DBA4E-1ED3-4F24-B040-AE17428BC8EF}.Release|Any CPU.Build.0 = Release|Any CPU
		{51A0EE20-C88E-4E45-ACAA-AD57F613A835}.Debug|Any CPU.ActiveCfg = Debug|Any CPU
		{51A0EE20-C88E-4E45-ACAA-AD57F613A835}.Debug|Any CPU.Build.0 = Debug|Any CPU
		{51A0EE20-C88E-4E45-ACAA-AD57F613A835}.Release|Any CPU.ActiveCfg = Release|Any CPU
		{51A0EE20-C88E-4E45-ACAA-AD57F613A835}.Release|Any CPU.Build.0 = Release|Any CPU
		{F2DF91C0-6A38-4045-A02C-67BE96C73CCE}.Debug|Any CPU.ActiveCfg = Debug|Any CPU
		{F2DF91C0-6A38-4045-A02C-67BE96C73CCE}.Debug|Any CPU.Build.0 = Debug|Any CPU
		{F2DF91C0-6A38-4045-A02C-67BE96C73CCE}.Release|Any CPU.ActiveCfg = Release|Any CPU
		{F2DF91C0-6A38-4045-A02C-67BE96C73CCE}.Release|Any CPU.Build.0 = Release|Any CPU
		{B4301B12-8F13-4361-963F-1D0A64B0752E}.Debug|Any CPU.ActiveCfg = Debug|Any CPU
		{B4301B12-8F13-4361-963F-1D0A64B0752E}.Debug|Any CPU.Build.0 = Debug|Any CPU
		{B4301B12-8F13-4361-963F-1D0A64B0752E}.Release|Any CPU.ActiveCfg = Release|Any CPU
		{B4301B12-8F13-4361-963F-1D0A64B0752E}.Release|Any CPU.Build.0 = Release|Any CPU
	EndGlobalSection
	GlobalSection(SolutionProperties) = preSolution
		HideSolutionNode = FALSE
	EndGlobalSection
	GlobalSection(NestedProjects) = preSolution
		{C5E4A523-0A1D-4AA1-AF40-390513306976} = {4553A42B-0912-443C-8A64-CF0BCD2162A5}
		{804A2F85-2271-42F3-8DE8-8D1A23C6E6A4} = {0F81D383-E617-4899-83BE-37AAD90194DD}
		{82396074-B5B1-4B47-B6DC-757CD7DF7FFD} = {644ABF87-E5EE-4F91-A27F-667985B8B998}
		{1F818232-77FD-45BF-97FF-229D74B0989C} = {1A398D12-DC43-4D3A-B52A-8500E6C2BE35}
		{E72DBA4E-1ED3-4F24-B040-AE17428BC8EF} = {65E5916C-CC50-41E8-ABBD-25FDCC6EBC22}
		{51A0EE20-C88E-4E45-ACAA-AD57F613A835} = {65E5916C-CC50-41E8-ABBD-25FDCC6EBC22}
		{F2DF91C0-6A38-4045-A02C-67BE96C73CCE} = {E073AE3F-2639-40F6-B824-2516548E89F4}
		{B4301B12-8F13-4361-963F-1D0A64B0752E} = {E073AE3F-2639-40F6-B824-2516548E89F4}
	EndGlobalSection
	GlobalSection(ExtensibilityGlobals) = postSolution
		SolutionGuid = {FFC92DBB-73E8-4352-94CB-28B375B17B4F}
	EndGlobalSection
EndGlobal
